
Microsoft Visual Studio Solution File, Format Version 12.00
# Visual Studio Version 17
VisualStudioVersion = 17.14.36429.23
MinimumVisualStudioVersion = 10.0.40219.1
Project("{FAE04EC0-301F-11D3-BF4B-00C04F79EFBC}") = "BlazorWeb", "BlazorWeb\BlazorWeb.csproj", "{730EFE31-AE89-4596-99CC-24196CC0DA8F}"
EndProject
Project("{FAE04EC0-301F-11D3-BF4B-00C04F79EFBC}") = "Services", "Services\Services.csproj", "{F0F7F6AA-1F3D-4E0D-942B-C2B2C7BA7D74}"
EndProject
Project("{FAE04EC0-301F-11D3-BF4B-00C04F79EFBC}") = "ServicesInterfaces", "ServicesInterfaces\ServicesInterfaces.csproj", "{E7248B60-13E1-4D5A-B5F4-274494061728}"
EndProject
Project("{FAE04EC0-301F-11D3-BF4B-00C04F79EFBC}") = "DataObjects", "DataObjects\DataObjects.csproj", "{E9B949A3-1139-4DBD-BEE2-0C54A657B8AA}"
EndProject
Project("{FAE04EC0-301F-11D3-BF4B-00C04F79EFBC}") = "RazorComponent", "RazorComponent\RazorComponent.csproj", "{71F07308-0B8A-46B4-8B0A-D71A477653A1}"
EndProject
Project("{FAE04EC0-301F-11D3-BF4B-00C04F79EFBC}") = "LazyLoadingComponent", "LazyLoadingComponent\LazyLoadingComponent.csproj", "{EBE1314B-089F-44A7-B3AD-90EBF8FE8F10}"
EndProject
Project("{FAE04EC0-301F-11D3-BF4B-00C04F79EFBC}") = "ServicesUnitTests", "ServicesUnitTests\ServicesUnitTests.csproj", "{DECDBB7A-96B2-4F3A-A971-E4E487589862}"
EndProject
Project("{FAE04EC0-301F-11D3-BF4B-00C04F79EFBC}") = "BlazorWebUnitTests", "BlayorWebUnitTests\BlazorWebUnitTests.csproj", "{CB52A015-7A6D-D83B-42AF-CC2087A4DE4C}"
EndProject
Project("{FAE04EC0-301F-11D3-BF4B-00C04F79EFBC}") = "CustomerWebApi", "CustomerWebApi\CustomerWebApi.csproj", "{2EB83C4D-0750-42A3-9760-5F37F94C5D98}"
EndProject
Project("{FAE04EC0-301F-11D3-BF4B-00C04F79EFBC}") = "BlazorUnity", "BlazorUnity\BlazorUnity.csproj", "{1B61BE08-30AF-4E57-9371-CAE4A51A0325}"
EndProject
Global
	GlobalSection(SolutionConfigurationPlatforms) = preSolution
		Debug|Any CPU = Debug|Any CPU
		Release|Any CPU = Release|Any CPU
	EndGlobalSection
	GlobalSection(ProjectConfigurationPlatforms) = postSolution
		{730EFE31-AE89-4596-99CC-24196CC0DA8F}.Debug|Any CPU.ActiveCfg = Debug|Any CPU
		{730EFE31-AE89-4596-99CC-24196CC0DA8F}.Debug|Any CPU.Build.0 = Debug|Any CPU
		{730EFE31-AE89-4596-99CC-24196CC0DA8F}.Release|Any CPU.ActiveCfg = Release|Any CPU
		{730EFE31-AE89-4596-99CC-24196CC0DA8F}.Release|Any CPU.Build.0 = Release|Any CPU
		{F0F7F6AA-1F3D-4E0D-942B-C2B2C7BA7D74}.Debug|Any CPU.ActiveCfg = Debug|Any CPU
		{F0F7F6AA-1F3D-4E0D-942B-C2B2C7BA7D74}.Debug|Any CPU.Build.0 = Debug|Any CPU
		{F0F7F6AA-1F3D-4E0D-942B-C2B2C7BA7D74}.Release|Any CPU.ActiveCfg = Release|Any CPU
		{F0F7F6AA-1F3D-4E0D-942B-C2B2C7BA7D74}.Release|Any CPU.Build.0 = Release|Any CPU
		{E7248B60-13E1-4D5A-B5F4-274494061728}.Debug|Any CPU.ActiveCfg = Debug|Any CPU
		{E7248B60-13E1-4D5A-B5F4-274494061728}.Debug|Any CPU.Build.0 = Debug|Any CPU
		{E7248B60-13E1-4D5A-B5F4-274494061728}.Release|Any CPU.ActiveCfg = Release|Any CPU
		{E7248B60-13E1-4D5A-B5F4-274494061728}.Release|Any CPU.Build.0 = Release|Any CPU
		{E9B949A3-1139-4DBD-BEE2-0C54A657B8AA}.Debug|Any CPU.ActiveCfg = Debug|Any CPU
		{E9B949A3-1139-4DBD-BEE2-0C54A657B8AA}.Debug|Any CPU.Build.0 = Debug|Any CPU
		{E9B949A3-1139-4DBD-BEE2-0C54A657B8AA}.Release|Any CPU.ActiveCfg = Release|Any CPU
		{E9B949A3-1139-4DBD-BEE2-0C54A657B8AA}.Release|Any CPU.Build.0 = Release|Any CPU
		{71F07308-0B8A-46B4-8B0A-D71A477653A1}.Debug|Any CPU.ActiveCfg = Debug|Any CPU
		{71F07308-0B8A-46B4-8B0A-D71A477653A1}.Debug|Any CPU.Build.0 = Debug|Any CPU
		{71F07308-0B8A-46B4-8B0A-D71A477653A1}.Release|Any CPU.ActiveCfg = Release|Any CPU
		{71F07308-0B8A-46B4-8B0A-D71A477653A1}.Release|Any CPU.Build.0 = Release|Any CPU
		{EBE1314B-089F-44A7-B3AD-90EBF8FE8F10}.Debug|Any CPU.ActiveCfg = Debug|Any CPU
		{EBE1314B-089F-44A7-B3AD-90EBF8FE8F10}.Debug|Any CPU.Build.0 = Debug|Any CPU
		{EBE1314B-089F-44A7-B3AD-90EBF8FE8F10}.Release|Any CPU.ActiveCfg = Release|Any CPU
		{EBE1314B-089F-44A7-B3AD-90EBF8FE8F10}.Release|Any CPU.Build.0 = Release|Any CPU
		{DECDBB7A-96B2-4F3A-A971-E4E487589862}.Debug|Any CPU.ActiveCfg = Debug|Any CPU
		{DECDBB7A-96B2-4F3A-A971-E4E487589862}.Debug|Any CPU.Build.0 = Debug|Any CPU
		{DECDBB7A-96B2-4F3A-A971-E4E487589862}.Release|Any CPU.ActiveCfg = Release|Any CPU
		{DECDBB7A-96B2-4F3A-A971-E4E487589862}.Release|Any CPU.Build.0 = Release|Any CPU
		{CB52A015-7A6D-D83B-42AF-CC2087A4DE4C}.Debug|Any CPU.ActiveCfg = Debug|Any CPU
		{CB52A015-7A6D-D83B-42AF-CC2087A4DE4C}.Debug|Any CPU.Build.0 = Debug|Any CPU
		{CB52A015-7A6D-D83B-42AF-CC2087A4DE4C}.Release|Any CPU.ActiveCfg = Release|Any CPU
		{CB52A015-7A6D-D83B-42AF-CC2087A4DE4C}.Release|Any CPU.Build.0 = Release|Any CPU
		{2EB83C4D-0750-42A3-9760-5F37F94C5D98}.Debug|Any CPU.ActiveCfg = Debug|Any CPU
		{2EB83C4D-0750-42A3-9760-5F37F94C5D98}.Debug|Any CPU.Build.0 = Debug|Any CPU
		{2EB83C4D-0750-42A3-9760-5F37F94C5D98}.Release|Any CPU.ActiveCfg = Release|Any CPU
		{2EB83C4D-0750-42A3-9760-5F37F94C5D98}.Release|Any CPU.Build.0 = Release|Any CPU
		{1B61BE08-30AF-4E57-9371-CAE4A51A0325}.Debug|Any CPU.ActiveCfg = Debug|Any CPU
		{1B61BE08-30AF-4E57-9371-CAE4A51A0325}.Debug|Any CPU.Build.0 = Debug|Any CPU
		{1B61BE08-30AF-4E57-9371-CAE4A51A0325}.Release|Any CPU.ActiveCfg = Release|Any CPU
		{1B61BE08-30AF-4E57-9371-CAE4A51A0325}.Release|Any CPU.Build.0 = Release|Any CPU
	EndGlobalSection
	GlobalSection(SolutionProperties) = preSolution
		HideSolutionNode = FALSE
	EndGlobalSection
	GlobalSection(ExtensibilityGlobals) = postSolution
		SolutionGuid = {771C2524-6849-472F-A068-C36603724468}
	EndGlobalSection
EndGlobal
